
Microsoft Visual Studio Solution File, Format Version 12.00
# Visual Studio Version 16
VisualStudioVersion = 25.0.1700.0
MinimumVisualStudioVersion = 10.0.40219.1
Project("{FAE04EC0-301F-11D3-BF4B-00C04F79EFBC}") = "DemoCrud", "DemoCrud\DemoCrud.csproj", "{1F1D87B4-1A87-47B7-9956-5DA27D362223}"
EndProject
Global
	GlobalSection(SolutionConfigurationPlatforms) = preSolution
		Debug|Any CPU = Debug|Any CPU
		Release|Any CPU = Release|Any CPU
	EndGlobalSection
	GlobalSection(ProjectConfigurationPlatforms) = postSolution
		{1F1D87B4-1A87-47B7-9956-5DA27D362223}.Debug|Any CPU.ActiveCfg = Debug|Any CPU
		{1F1D87B4-1A87-47B7-9956-5DA27D362223}.Debug|Any CPU.Build.0 = Debug|Any CPU
		{1F1D87B4-1A87-47B7-9956-5DA27D362223}.Release|Any CPU.ActiveCfg = Release|Any CPU
		{1F1D87B4-1A87-47B7-9956-5DA27D362223}.Release|Any CPU.Build.0 = Release|Any CPU
	EndGlobalSection
	GlobalSection(SolutionProperties) = preSolution
		HideSolutionNode = FALSE
	EndGlobalSection
	GlobalSection(ExtensibilityGlobals) = postSolution
		SolutionGuid = {52597A13-0583-4D78-9AA5-C3B3B2FBE3E4}
	EndGlobalSection
EndGlobal
